{
    "name": "consumemodule",
    "version": "1.0.0",
    "lockfileVersion": 1,
    "requires": true,
    "dependencies": {
        "verysimplecalc": {
            "version": "1.0.0",
            "resolved": "https://registry.npmjs.org/verysimplecalc/-/verysimplecalc-1.0.0.tgz",
            "integrity": "sha512-lS3ZHNnVQXUlYS43b2rtvw3E5x2atnUGILQF/ZFVNq4MNO5ej02AOusiMmiMolZ3oYBcu2/5PQP0gO0bQhiuzA=="
        }
    }
}
